
Microsoft Visual Studio Solution File, Format Version 12.00
# Visual Studio Version 17
VisualStudioVersion = 17.14.36429.23 d17.14
MinimumVisualStudioVersion = 10.0.40219.1
Project("{2150E333-8FDC-42A3-9474-1A3956D46DE8}") = "Task0", "Task0", "{02EA681E-C7D8-13C7-8484-4AC65E1B71E8}"
EndProject
Project("{FAE04EC0-301F-11D3-BF4B-00C04F79EFBC}") = "Tyuiu.AxyonovMA.Sprint2.Task0.V1", "Tyuiu.AxyonovMA.Sprint2.Task0.V25\Tyuiu.AxyonovMA.Sprint2.Task0.V1.csproj", "{D9EDC0CE-98FA-4C3A-A598-5032C6EB3662}"
EndProject
Project("{FAE04EC0-301F-11D3-BF4B-00C04F79EFBC}") = "Tyuiu.AxyonovMA.Sprint2.Task0.V1.Lib", "Tyuiu.AxyonovMA.Sprint2.Task0.V25.Lib\Tyuiu.AxyonovMA.Sprint2.Task0.V1.Lib.csproj", "{C9E1AE2D-702F-4A30-8545-497038720AF7}"
EndProject
Project("{FAE04EC0-301F-11D3-BF4B-00C04F79EFBC}") = "Tyuiu.AxyonovMA.Sprint2.Task0.V25.Test", "Tyuiu.AxyonovMA.Sprint2.Task0.V25.Test\Tyuiu.AxyonovMA.Sprint2.Task0.V25.Test.csproj", "{F48F4D0F-B6A4-4A4D-84A6-67D7A586A886}"
EndProject
Project("{2150E333-8FDC-42A3-9474-1A3956D46DE8}") = "Task1", "Task1", "{0E7A4FD0-F26D-4349-BF9E-13193A0FE4D3}"
EndProject
Project("{FAE04EC0-301F-11D3-BF4B-00C04F79EFBC}") = "Tyuiu.AxyonovMA.Sprint2.Task1.V16", "Tyuiu.AxyonovMA.Sprint2.Task1.V16\Tyuiu.AxyonovMA.Sprint2.Task1.V16.csproj", "{89177803-658C-4210-90E2-328F66B05DB9}"
EndProject
Project("{FAE04EC0-301F-11D3-BF4B-00C04F79EFBC}") = "Tyuiu.AxyonovMA.Sprint2.Task1.V16.Lib", "Tyuiu.AxyonovMA.Sprint2.Task1.V16.Lib\Tyuiu.AxyonovMA.Sprint2.Task1.V16.Lib.csproj", "{C84475DC-6CCB-4A0C-92E4-E4AA4F3D7E0D}"
EndProject
Project("{FAE04EC0-301F-11D3-BF4B-00C04F79EFBC}") = "Tyuiu.AxyonovMA.Sprint2.Task1.V16.Test", "Tyuiu.AxyonovMA.Sprint2.Task1.V16.Test\Tyuiu.AxyonovMA.Sprint2.Task1.V16.Test.csproj", "{D6429CC9-2A36-4ABC-9278-D8AB7FF92FFA}"
EndProject
Project("{2150E333-8FDC-42A3-9474-1A3956D46DE8}") = "Task2", "Task2", "{7A35E895-A550-4C48-8B39-AB2CBE514193}"
EndProject
Project("{FAE04EC0-301F-11D3-BF4B-00C04F79EFBC}") = "Tyuiu.AxyonovMA.Sprint2.Task2.V10", "Tyuiu.AxyonovMA.Sprint2.Task2.V10\Tyuiu.AxyonovMA.Sprint2.Task2.V10.csproj", "{398686B9-2C20-4CFB-BD6D-87464DF59412}"
EndProject
Project("{FAE04EC0-301F-11D3-BF4B-00C04F79EFBC}") = "Tyuiu.AxyonovMA.Sprint2.Task2.V10.Lib", "Tyuiu.AxyonovMA.Sprint2.Task2.V10.Lib\Tyuiu.AxyonovMA.Sprint2.Task2.V10.Lib.csproj", "{F1255F40-B2FA-46CA-8170-97ADAD3E296F}"
EndProject
Project("{FAE04EC0-301F-11D3-BF4B-00C04F79EFBC}") = "Tyuiu.AxyonovMA.Sprint2.Task2.V10.Test", "Tyuiu.AxyonovMA.Sprint2.Task2.V10.Test\Tyuiu.AxyonovMA.Sprint2.Task2.V10.Test.csproj", "{FB25FBD8-F1F3-47FF-BA68-C3D3AC5F55C3}"
EndProject
Project("{2150E333-8FDC-42A3-9474-1A3956D46DE8}") = "Task3", "Task3", "{EB271753-23AA-46C9-A90A-8FE859926C0E}"
EndProject
Project("{FAE04EC0-301F-11D3-BF4B-00C04F79EFBC}") = "Tyuiu.AxyonovMA.Sprint2.Task3.V20", "Tyuiu.AxyonovMA.Sprint2.Task3.V20\Tyuiu.AxyonovMA.Sprint2.Task3.V20.csproj", "{CE582D6A-DC14-43E8-ACEB-FA09862B6620}"
EndProject
Project("{FAE04EC0-301F-11D3-BF4B-00C04F79EFBC}") = "Tyuiu.AxyonovMA.Sprint2.Task3.V20.Lib", "Tyuiu.AxyonovMA.Sprint2.Task3.V20.Lib\Tyuiu.AxyonovMA.Sprint2.Task3.V20.Lib.csproj", "{9B7621A1-B9E1-4ADD-906A-2C882F12E0E1}"
EndProject
Project("{FAE04EC0-301F-11D3-BF4B-00C04F79EFBC}") = "Tyuiu.AxyonovMA.Sprint2.Task3.V20.Test", "Tyuiu.AxyonovMA.Sprint2.Task3.V20.Test\Tyuiu.AxyonovMA.Sprint2.Task3.V20.Test.csproj", "{0F749D35-5A72-45A7-BC69-0B1B697AC430}"
EndProject
Global
	GlobalSection(SolutionConfigurationPlatforms) = preSolution
		Debug|Any CPU = Debug|Any CPU
		Release|Any CPU = Release|Any CPU
	EndGlobalSection
	GlobalSection(ProjectConfigurationPlatforms) = postSolution
		{D9EDC0CE-98FA-4C3A-A598-5032C6EB3662}.Debug|Any CPU.ActiveCfg = Debug|Any CPU
		{D9EDC0CE-98FA-4C3A-A598-5032C6EB3662}.Debug|Any CPU.Build.0 = Debug|Any CPU
		{D9EDC0CE-98FA-4C3A-A598-5032C6EB3662}.Release|Any CPU.ActiveCfg = Release|Any CPU
		{D9EDC0CE-98FA-4C3A-A598-5032C6EB3662}.Release|Any CPU.Build.0 = Release|Any CPU
		{C9E1AE2D-702F-4A30-8545-497038720AF7}.Debug|Any CPU.ActiveCfg = Debug|Any CPU
		{C9E1AE2D-702F-4A30-8545-497038720AF7}.Debug|Any CPU.Build.0 = Debug|Any CPU
		{C9E1AE2D-702F-4A30-8545-497038720AF7}.Release|Any CPU.ActiveCfg = Release|Any CPU
		{C9E1AE2D-702F-4A30-8545-497038720AF7}.Release|Any CPU.Build.0 = Release|Any CPU
		{F48F4D0F-B6A4-4A4D-84A6-67D7A586A886}.Debug|Any CPU.ActiveCfg = Debug|Any CPU
		{F48F4D0F-B6A4-4A4D-84A6-67D7A586A886}.Debug|Any CPU.Build.0 = Debug|Any CPU
		{F48F4D0F-B6A4-4A4D-84A6-67D7A586A886}.Release|Any CPU.ActiveCfg = Release|Any CPU
		{F48F4D0F-B6A4-4A4D-84A6-67D7A586A886}.Release|Any CPU.Build.0 = Release|Any CPU
		{89177803-658C-4210-90E2-328F66B05DB9}.Debug|Any CPU.ActiveCfg = Debug|Any CPU
		{89177803-658C-4210-90E2-328F66B05DB9}.Debug|Any CPU.Build.0 = Debug|Any CPU
		{89177803-658C-4210-90E2-328F66B05DB9}.Release|Any CPU.ActiveCfg = Release|Any CPU
		{89177803-658C-4210-90E2-328F66B05DB9}.Release|Any CPU.Build.0 = Release|Any CPU
		{C84475DC-6CCB-4A0C-92E4-E4AA4F3D7E0D}.Debug|Any CPU.ActiveCfg = Debug|Any CPU
		{C84475DC-6CCB-4A0C-92E4-E4AA4F3D7E0D}.Debug|Any CPU.Build.0 = Debug|Any CPU
		{C84475DC-6CCB-4A0C-92E4-E4AA4F3D7E0D}.Release|Any CPU.ActiveCfg = Release|Any CPU
		{C84475DC-6CCB-4A0C-92E4-E4AA4F3D7E0D}.Release|Any CPU.Build.0 = Release|Any CPU
		{D6429CC9-2A36-4ABC-9278-D8AB7FF92FFA}.Debug|Any CPU.ActiveCfg = Debug|Any CPU
		{D6429CC9-2A36-4ABC-9278-D8AB7FF92FFA}.Debug|Any CPU.Build.0 = Debug|Any CPU
		{D6429CC9-2A36-4ABC-9278-D8AB7FF92FFA}.Release|Any CPU.ActiveCfg = Release|Any CPU
		{D6429CC9-2A36-4ABC-9278-D8AB7FF92FFA}.Release|Any CPU.Build.0 = Release|Any CPU
		{398686B9-2C20-4CFB-BD6D-87464DF59412}.Debug|Any CPU.ActiveCfg = Debug|Any CPU
		{398686B9-2C20-4CFB-BD6D-87464DF59412}.Debug|Any CPU.Build.0 = Debug|Any CPU
		{398686B9-2C20-4CFB-BD6D-87464DF59412}.Release|Any CPU.ActiveCfg = Release|Any CPU
		{398686B9-2C20-4CFB-BD6D-87464DF59412}.Release|Any CPU.Build.0 = Release|Any CPU
		{F1255F40-B2FA-46CA-8170-97ADAD3E296F}.Debug|Any CPU.ActiveCfg = Debug|Any CPU
		{F1255F40-B2FA-46CA-8170-97ADAD3E296F}.Debug|Any CPU.Build.0 = Debug|Any CPU
		{F1255F40-B2FA-46CA-8170-97ADAD3E296F}.Release|Any CPU.ActiveCfg = Release|Any CPU
		{F1255F40-B2FA-46CA-8170-97ADAD3E296F}.Release|Any CPU.Build.0 = Release|Any CPU
		{FB25FBD8-F1F3-47FF-BA68-C3D3AC5F55C3}.Debug|Any CPU.ActiveCfg = Debug|Any CPU
		{FB25FBD8-F1F3-47FF-BA68-C3D3AC5F55C3}.Debug|Any CPU.Build.0 = Debug|Any CPU
		{FB25FBD8-F1F3-47FF-BA68-C3D3AC5F55C3}.Release|Any CPU.ActiveCfg = Release|Any CPU
		{FB25FBD8-F1F3-47FF-BA68-C3D3AC5F55C3}.Release|Any CPU.Build.0 = Release|Any CPU
		{CE582D6A-DC14-43E8-ACEB-FA09862B6620}.Debug|Any CPU.ActiveCfg = Debug|Any CPU
		{CE582D6A-DC14-43E8-ACEB-FA09862B6620}.Debug|Any CPU.Build.0 = Debug|Any CPU
		{CE582D6A-DC14-43E8-ACEB-FA09862B6620}.Release|Any CPU.ActiveCfg = Release|Any CPU
		{CE582D6A-DC14-43E8-ACEB-FA09862B6620}.Release|Any CPU.Build.0 = Release|Any CPU
		{9B7621A1-B9E1-4ADD-906A-2C882F12E0E1}.Debug|Any CPU.ActiveCfg = Debug|Any CPU
		{9B7621A1-B9E1-4ADD-906A-2C882F12E0E1}.Debug|Any CPU.Build.0 = Debug|Any CPU
		{9B7621A1-B9E1-4ADD-906A-2C882F12E0E1}.Release|Any CPU.ActiveCfg = Release|Any CPU
		{9B7621A1-B9E1-4ADD-906A-2C882F12E0E1}.Release|Any CPU.Build.0 = Release|Any CPU
		{0F749D35-5A72-45A7-BC69-0B1B697AC430}.Debug|Any CPU.ActiveCfg = Debug|Any CPU
		{0F749D35-5A72-45A7-BC69-0B1B697AC430}.Debug|Any CPU.Build.0 = Debug|Any CPU
		{0F749D35-5A72-45A7-BC69-0B1B697AC430}.Release|Any CPU.ActiveCfg = Release|Any CPU
		{0F749D35-5A72-45A7-BC69-0B1B697AC430}.Release|Any CPU.Build.0 = Release|Any CPU
	EndGlobalSection
	GlobalSection(SolutionProperties) = preSolution
		HideSolutionNode = FALSE
	EndGlobalSection
	GlobalSection(NestedProjects) = preSolution
		{D9EDC0CE-98FA-4C3A-A598-5032C6EB3662} = {02EA681E-C7D8-13C7-8484-4AC65E1B71E8}
		{C9E1AE2D-702F-4A30-8545-497038720AF7} = {02EA681E-C7D8-13C7-8484-4AC65E1B71E8}
		{F48F4D0F-B6A4-4A4D-84A6-67D7A586A886} = {02EA681E-C7D8-13C7-8484-4AC65E1B71E8}
		{89177803-658C-4210-90E2-328F66B05DB9} = {0E7A4FD0-F26D-4349-BF9E-13193A0FE4D3}
		{C84475DC-6CCB-4A0C-92E4-E4AA4F3D7E0D} = {0E7A4FD0-F26D-4349-BF9E-13193A0FE4D3}
		{D6429CC9-2A36-4ABC-9278-D8AB7FF92FFA} = {0E7A4FD0-F26D-4349-BF9E-13193A0FE4D3}
		{398686B9-2C20-4CFB-BD6D-87464DF59412} = {7A35E895-A550-4C48-8B39-AB2CBE514193}
		{F1255F40-B2FA-46CA-8170-97ADAD3E296F} = {7A35E895-A550-4C48-8B39-AB2CBE514193}
		{FB25FBD8-F1F3-47FF-BA68-C3D3AC5F55C3} = {7A35E895-A550-4C48-8B39-AB2CBE514193}
		{CE582D6A-DC14-43E8-ACEB-FA09862B6620} = {EB271753-23AA-46C9-A90A-8FE859926C0E}
		{9B7621A1-B9E1-4ADD-906A-2C882F12E0E1} = {EB271753-23AA-46C9-A90A-8FE859926C0E}
		{0F749D35-5A72-45A7-BC69-0B1B697AC430} = {EB271753-23AA-46C9-A90A-8FE859926C0E}
	EndGlobalSection
	GlobalSection(ExtensibilityGlobals) = postSolution
		SolutionGuid = {58DF6715-AB0F-4AAE-BD2B-8A97DFE37E5D}
	EndGlobalSection
EndGlobal
